
Microsoft Visual Studio Solution File, Format Version 12.00
# Visual Studio Version 16
VisualStudioVersion = 16.0.31025.194
MinimumVisualStudioVersion = 10.0.40219.1
Project("{FAE04EC0-301F-11D3-BF4B-00C04F79EFBC}") = "island_area", "island_area.csproj", "{7DCBCDCA-C7D5-4761-8FFE-57CD1567BDF6}"
EndProject
Global
	GlobalSection(SolutionConfigurationPlatforms) = preSolution
		Debug|Any CPU = Debug|Any CPU
		Release|Any CPU = Release|Any CPU
	EndGlobalSection
	GlobalSection(ProjectConfigurationPlatforms) = postSolution
		{7DCBCDCA-C7D5-4761-8FFE-57CD1567BDF6}.Debug|Any CPU.ActiveCfg = Debug|Any CPU
		{7DCBCDCA-C7D5-4761-8FFE-57CD1567BDF6}.Debug|Any CPU.Build.0 = Debug|Any CPU
		{7DCBCDCA-C7D5-4761-8FFE-57CD1567BDF6}.Release|Any CPU.ActiveCfg = Release|Any CPU
		{7DCBCDCA-C7D5-4761-8FFE-57CD1567BDF6}.Release|Any CPU.Build.0 = Release|Any CPU
	EndGlobalSection
	GlobalSection(SolutionProperties) = preSolution
		HideSolutionNode = FALSE
	EndGlobalSection
	GlobalSection(ExtensibilityGlobals) = postSolution
		SolutionGuid = {2CF4A732-0285-48AC-8EC8-0CEF471B53D7}
	EndGlobalSection
EndGlobal
